<Solution>
  <Project Path="../Shared/Shared.csproj" />
  <Project Path="../ULinkHost/ULinkHost.csproj" />
  <Project Path="../ULinkHost.Tool/ULinkHost.Tool.csproj" />
  <Project Path="Server/Server.csproj" />
  <Project Path="Orleans.Contracts/Orleans.Contracts.csproj" />
  <Project Path="Silo/Silo.csproj" />
  <Project Path="../Tests/BusinessLogic.Tests/BusinessLogic.Tests.csproj" />
</Solution>
